
Microsoft Visual Studio Solution File, Format Version 12.00
# Visual Studio Version 16
VisualStudioVersion = 16.0.30907.101
MinimumVisualStudioVersion = 10.0.40219.1
Project("{FAE04EC0-301F-11D3-BF4B-00C04F79EFBC}") = "GameSimulation", "GameSimulation.csproj", "{AE873283-68F9-4546-AAD7-BDDA94E59EC6}"
EndProject
Global
	GlobalSection(SolutionConfigurationPlatforms) = preSolution
		Debug|Any CPU = Debug|Any CPU
		Release|Any CPU = Release|Any CPU
	EndGlobalSection
	GlobalSection(ProjectConfigurationPlatforms) = postSolution
		{AE873283-68F9-4546-AAD7-BDDA94E59EC6}.Debug|Any CPU.ActiveCfg = Debug|Any CPU
		{AE873283-68F9-4546-AAD7-BDDA94E59EC6}.Debug|Any CPU.Build.0 = Debug|Any CPU
		{AE873283-68F9-4546-AAD7-BDDA94E59EC6}.Release|Any CPU.ActiveCfg = Release|Any CPU
		{AE873283-68F9-4546-AAD7-BDDA94E59EC6}.Release|Any CPU.Build.0 = Release|Any CPU
	EndGlobalSection
	GlobalSection(SolutionProperties) = preSolution
		HideSolutionNode = FALSE
	EndGlobalSection
	GlobalSection(ExtensibilityGlobals) = postSolution
		SolutionGuid = {A1B5B412-E02C-4EE2-B549-F7271E45EE4C}
	EndGlobalSection
EndGlobal
